// !$*UTF8*$!
{
	archiveVersion = 1;
	classes = {
	};
	objectVersion = 55;
	objects = {

/* Begin PBXBuildFile section */
		067E351128353BB1009F7F1E /* StoryDetailBuilder.swift in Sources */ = {isa = PBXBuildFile; fileRef = 067E351028353BB1009F7F1E /* StoryDetailBuilder.swift */; };
		067E351428357658009F7F1E /* SDWebImage in Frameworks */ = {isa = PBXBuildFile; productRef = 067E351328357658009F7F1E /* SDWebImage */; };
		067E3516283641E9009F7F1E /* UINavigationController+Push.swift in Sources */ = {isa = PBXBuildFile; fileRef = 067E3515283641E9009F7F1E /* UINavigationController+Push.swift */; };
		06FBEA482833D5B800592513 /* AppDelegate.swift in Sources */ = {isa = PBXBuildFile; fileRef = 06FBEA472833D5B800592513 /* AppDelegate.swift */; };
		06FBEA4C2833D5B800592513 /* ViewController.swift in Sources */ = {isa = PBXBuildFile; fileRef = 06FBEA4B2833D5B800592513 /* ViewController.swift */; };
		06FBEA4F2833D5B800592513 /* Main.storyboard in Resources */ = {isa = PBXBuildFile; fileRef = 06FBEA4D2833D5B800592513 /* Main.storyboard */; };
		06FBEA512833D5BA00592513 /* Assets.xcassets in Resources */ = {isa = PBXBuildFile; fileRef = 06FBEA502833D5BA00592513 /* Assets.xcassets */; };
		06FBEA542833D5BA00592513 /* LaunchScreen.storyboard in Resources */ = {isa = PBXBuildFile; fileRef = 06FBEA522833D5BA00592513 /* LaunchScreen.storyboard */; };
		06FBEA732833DA3500592513 /* StoryListPresenter.swift in Sources */ = {isa = PBXBuildFile; fileRef = 06FBEA6D2833DA3500592513 /* StoryListPresenter.swift */; };
		06FBEA742833DA3500592513 /* StoryListWorker.swift in Sources */ = {isa = PBXBuildFile; fileRef = 06FBEA6E2833DA3500592513 /* StoryListWorker.swift */; };
		06FBEA752833DA3500592513 /* StoryListRouter.swift in Sources */ = {isa = PBXBuildFile; fileRef = 06FBEA6F2833DA3500592513 /* StoryListRouter.swift */; };
		06FBEA762833DA3500592513 /* StoryListModels.swift in Sources */ = {isa = PBXBuildFile; fileRef = 06FBEA702833DA3500592513 /* StoryListModels.swift */; };
		06FBEA772833DA3500592513 /* StoryListViewController.swift in Sources */ = {isa = PBXBuildFile; fileRef = 06FBEA712833DA3500592513 /* StoryListViewController.swift */; };
		06FBEA782833DA3500592513 /* StoryListInteractor.swift in Sources */ = {isa = PBXBuildFile; fileRef = 06FBEA722833DA3500592513 /* StoryListInteractor.swift */; };
		06FBEA802833E1F500592513 /* StoryDetailPresenter.swift in Sources */ = {isa = PBXBuildFile; fileRef = 06FBEA7A2833E1F500592513 /* StoryDetailPresenter.swift */; };
		06FBEA812833E1F500592513 /* StoryDetailWorker.swift in Sources */ = {isa = PBXBuildFile; fileRef = 06FBEA7B2833E1F500592513 /* StoryDetailWorker.swift */; };
		06FBEA822833E1F500592513 /* StoryDetailRouter.swift in Sources */ = {isa = PBXBuildFile; fileRef = 06FBEA7C2833E1F500592513 /* StoryDetailRouter.swift */; };
		06FBEA832833E1F500592513 /* StoryDetailModels.swift in Sources */ = {isa = PBXBuildFile; fileRef = 06FBEA7D2833E1F500592513 /* StoryDetailModels.swift */; };
		06FBEA842833E1F500592513 /* StoryDetailViewController.swift in Sources */ = {isa = PBXBuildFile; fileRef = 06FBEA7E2833E1F500592513 /* StoryDetailViewController.swift */; };
		06FBEA852833E1F500592513 /* StoryDetailInteractor.swift in Sources */ = {isa = PBXBuildFile; fileRef = 06FBEA7F2833E1F500592513 /* StoryDetailInteractor.swift */; };
		06FBEA892833E32E00592513 /* StoryListView.swift in Sources */ = {isa = PBXBuildFile; fileRef = 06FBEA882833E32E00592513 /* StoryListView.swift */; };
		06FBEA8C2833E35800592513 /* StoryListViewTableViewCell.swift in Sources */ = {isa = PBXBuildFile; fileRef = 06FBEA8B2833E35800592513 /* StoryListViewTableViewCell.swift */; };
		06FBEA8F2833E38100592513 /* StoryDetailView.swift in Sources */ = {isa = PBXBuildFile; fileRef = 06FBEA8E2833E38100592513 /* StoryDetailView.swift */; };
		06FBEA912833F68900592513 /* Story.swift in Sources */ = {isa = PBXBuildFile; fileRef = 06FBEA902833F68900592513 /* Story.swift */; };
		06FBEA9B283406EF00592513 /* StoryWorker.swift in Sources */ = {isa = PBXBuildFile; fileRef = 06FBEA9A283406EF00592513 /* StoryWorker.swift */; };
		06FBEA9D283407E500592513 /* NetworkService.swift in Sources */ = {isa = PBXBuildFile; fileRef = 06FBEA9C283407E500592513 /* NetworkService.swift */; };
		06FBEAA02834087800592513 /* Util.swift in Sources */ = {isa = PBXBuildFile; fileRef = 06FBEA9F2834087800592513 /* Util.swift */; };
		06FBEAA2283409A600592513 /* BaseResult.swift in Sources */ = {isa = PBXBuildFile; fileRef = 06FBEAA1283409A600592513 /* BaseResult.swift */; };
		06FBEAA728340C1100592513 /* StoryListBuilder.swift in Sources */ = {isa = PBXBuildFile; fileRef = 06FBEAA628340C1100592513 /* StoryListBuilder.swift */; };
/* End PBXBuildFile section */

/* Begin PBXFileReference section */
		067E351028353BB1009F7F1E /* StoryDetailBuilder.swift */ = {isa = PBXFileReference; lastKnownFileType = sourcecode.swift; path = StoryDetailBuilder.swift; sourceTree = "<group>"; };
		067E3515283641E9009F7F1E /* UINavigationController+Push.swift */ = {isa = PBXFileReference; lastKnownFileType = sourcecode.swift; path = "UINavigationController+Push.swift"; sourceTree = "<group>"; };
		06FBEA442833D5B800592513 /* NYStories.app */ = {isa = PBXFileReference; explicitFileType = wrapper.application; includeInIndex = 0; path = NYStories.app; sourceTree = BUILT_PRODUCTS_DIR; };
		06FBEA472833D5B800592513 /* AppDelegate.swift */ = {isa = PBXFileReference; lastKnownFileType = sourcecode.swift; path = AppDelegate.swift; sourceTree = "<group>"; };
		06FBEA4B2833D5B800592513 /* ViewController.swift */ = {isa = PBXFileReference; lastKnownFileType = sourcecode.swift; path = ViewController.swift; sourceTree = "<group>"; };
		06FBEA4E2833D5B800592513 /* Base */ = {isa = PBXFileReference; lastKnownFileType = file.storyboard; name = Base; path = Base.lproj/Main.storyboard; sourceTree = "<group>"; };
		06FBEA502833D5BA00592513 /* Assets.xcassets */ = {isa = PBXFileReference; lastKnownFileType = folder.assetcatalog; path = Assets.xcassets; sourceTree = "<group>"; };
		06FBEA532833D5BA00592513 /* Base */ = {isa = PBXFileReference; lastKnownFileType = file.storyboard; name = Base; path = Base.lproj/LaunchScreen.storyboard; sourceTree = "<group>"; };
		06FBEA552833D5BA00592513 /* Info.plist */ = {isa = PBXFileReference; lastKnownFileType = text.plist.xml; path = Info.plist; sourceTree = "<group>"; };
		06FBEA6D2833DA3500592513 /* StoryListPresenter.swift */ = {isa = PBXFileReference; lastKnownFileType = sourcecode.swift; path = StoryListPresenter.swift; sourceTree = "<group>"; };
		06FBEA6E2833DA3500592513 /* StoryListWorker.swift */ = {isa = PBXFileReference; lastKnownFileType = sourcecode.swift; path = StoryListWorker.swift; sourceTree = "<group>"; };
		06FBEA6F2833DA3500592513 /* StoryListRouter.swift */ = {isa = PBXFileReference; lastKnownFileType = sourcecode.swift; path = StoryListRouter.swift; sourceTree = "<group>"; };
		06FBEA702833DA3500592513 /* StoryListModels.swift */ = {isa = PBXFileReference; lastKnownFileType = sourcecode.swift; path = StoryListModels.swift; sourceTree = "<group>"; };
		06FBEA712833DA3500592513 /* StoryListViewController.swift */ = {isa = PBXFileReference; lastKnownFileType = sourcecode.swift; path = StoryListViewController.swift; sourceTree = "<group>"; };
		06FBEA722833DA3500592513 /* StoryListInteractor.swift */ = {isa = PBXFileReference; lastKnownFileType = sourcecode.swift; path = StoryListInteractor.swift; sourceTree = "<group>"; };
		06FBEA7A2833E1F500592513 /* StoryDetailPresenter.swift */ = {isa = PBXFileReference; lastKnownFileType = sourcecode.swift; path = StoryDetailPresenter.swift; sourceTree = "<group>"; };
		06FBEA7B2833E1F500592513 /* StoryDetailWorker.swift */ = {isa = PBXFileReference; lastKnownFileType = sourcecode.swift; path = StoryDetailWorker.swift; sourceTree = "<group>"; };
		06FBEA7C2833E1F500592513 /* StoryDetailRouter.swift */ = {isa = PBXFileReference; lastKnownFileType = sourcecode.swift; path = StoryDetailRouter.swift; sourceTree = "<group>"; };
		06FBEA7D2833E1F500592513 /* StoryDetailModels.swift */ = {isa = PBXFileReference; lastKnownFileType = sourcecode.swift; path = StoryDetailModels.swift; sourceTree = "<group>"; };
		06FBEA7E2833E1F500592513 /* StoryDetailViewController.swift */ = {isa = PBXFileReference; lastKnownFileType = sourcecode.swift; path = StoryDetailViewController.swift; sourceTree = "<group>"; };
		06FBEA7F2833E1F500592513 /* StoryDetailInteractor.swift */ = {isa = PBXFileReference; lastKnownFileType = sourcecode.swift; path = StoryDetailInteractor.swift; sourceTree = "<group>"; };
		06FBEA882833E32E00592513 /* StoryListView.swift */ = {isa = PBXFileReference; lastKnownFileType = sourcecode.swift; path = StoryListView.swift; sourceTree = "<group>"; };
		06FBEA8B2833E35800592513 /* StoryListViewTableViewCell.swift */ = {isa = PBXFileReference; lastKnownFileType = sourcecode.swift; path = StoryListViewTableViewCell.swift; sourceTree = "<group>"; };
		06FBEA8E2833E38100592513 /* StoryDetailView.swift */ = {isa = PBXFileReference; lastKnownFileType = sourcecode.swift; path = StoryDetailView.swift; sourceTree = "<group>"; };
		06FBEA902833F68900592513 /* Story.swift */ = {isa = PBXFileReference; lastKnownFileType = sourcecode.swift; path = Story.swift; sourceTree = "<group>"; };
		06FBEA9A283406EF00592513 /* StoryWorker.swift */ = {isa = PBXFileReference; lastKnownFileType = sourcecode.swift; path = StoryWorker.swift; sourceTree = "<group>"; };
		06FBEA9C283407E500592513 /* NetworkService.swift */ = {isa = PBXFileReference; lastKnownFileType = sourcecode.swift; path = NetworkService.swift; sourceTree = "<group>"; };
		06FBEA9F2834087800592513 /* Util.swift */ = {isa = PBXFileReference; lastKnownFileType = sourcecode.swift; path = Util.swift; sourceTree = "<group>"; };
		06FBEAA1283409A600592513 /* BaseResult.swift */ = {isa = PBXFileReference; lastKnownFileType = sourcecode.swift; path = BaseResult.swift; sourceTree = "<group>"; };
		06FBEAA628340C1100592513 /* StoryListBuilder.swift */ = {isa = PBXFileReference; lastKnownFileType = sourcecode.swift; path = StoryListBuilder.swift; sourceTree = "<group>"; };
/* End PBXFileReference section */

/* Begin PBXFrameworksBuildPhase section */
		06FBEA412833D5B800592513 /* Frameworks */ = {
			isa = PBXFrameworksBuildPhase;
			buildActionMask = 2147483647;
			files = (
				067E351428357658009F7F1E /* SDWebImage in Frameworks */,
			);
			runOnlyForDeploymentPostprocessing = 0;
		};
/* End PBXFrameworksBuildPhase section */

/* Begin PBXGroup section */
		06FBEA3B2833D5B800592513 = {
			isa = PBXGroup;
			children = (
				06FBEA462833D5B800592513 /* NYStories */,
				06FBEA452833D5B800592513 /* Products */,
			);
			sourceTree = "<group>";
		};
		06FBEA452833D5B800592513 /* Products */ = {
			isa = PBXGroup;
			children = (
				06FBEA442833D5B800592513 /* NYStories.app */,
			);
			name = Products;
			sourceTree = "<group>";
		};
		06FBEA462833D5B800592513 /* NYStories */ = {
			isa = PBXGroup;
			children = (
				06FBEA9E2834086D00592513 /* Helper */,
				06FBEA922834005A00592513 /* Managers */,
				06FBEA5F2833D9AA00592513 /* Models */,
				06FBEA5E2833D99700592513 /* Workers */,
				06FBEA5D2833D97700592513 /* Scenes */,
				06FBEA862833E2DA00592513 /* Views */,
				06FBEA472833D5B800592513 /* AppDelegate.swift */,
				06FBEA4B2833D5B800592513 /* ViewController.swift */,
				06FBEA4D2833D5B800592513 /* Main.storyboard */,
				06FBEA502833D5BA00592513 /* Assets.xcassets */,
				06FBEA522833D5BA00592513 /* LaunchScreen.storyboard */,
				06FBEA552833D5BA00592513 /* Info.plist */,
			);
			path = NYStories;
			sourceTree = "<group>";
		};
		06FBEA5D2833D97700592513 /* Scenes */ = {
			isa = PBXGroup;
			children = (
				06FBEA792833E1CC00592513 /* StoryDetail */,
				06FBEA6C2833DA1400592513 /* StoryList */,
			);
			path = Scenes;
			sourceTree = "<group>";
		};
		06FBEA5E2833D99700592513 /* Workers */ = {
			isa = PBXGroup;
			children = (
				06FBEA9A283406EF00592513 /* StoryWorker.swift */,
			);
			path = Workers;
			sourceTree = "<group>";
		};
		06FBEA5F2833D9AA00592513 /* Models */ = {
			isa = PBXGroup;
			children = (
				06FBEA902833F68900592513 /* Story.swift */,
				06FBEAA1283409A600592513 /* BaseResult.swift */,
			);
			path = Models;
			sourceTree = "<group>";
		};
		06FBEA6C2833DA1400592513 /* StoryList */ = {
			isa = PBXGroup;
			children = (
				06FBEA6D2833DA3500592513 /* StoryListPresenter.swift */,
				06FBEA6E2833DA3500592513 /* StoryListWorker.swift */,
				06FBEA6F2833DA3500592513 /* StoryListRouter.swift */,
				06FBEAA628340C1100592513 /* StoryListBuilder.swift */,
				06FBEA702833DA3500592513 /* StoryListModels.swift */,
				06FBEA712833DA3500592513 /* StoryListViewController.swift */,
				06FBEA722833DA3500592513 /* StoryListInteractor.swift */,
			);
			path = StoryList;
			sourceTree = "<group>";
		};
		06FBEA792833E1CC00592513 /* StoryDetail */ = {
			isa = PBXGroup;
			children = (
				06FBEA7A2833E1F500592513 /* StoryDetailPresenter.swift */,
				06FBEA7B2833E1F500592513 /* StoryDetailWorker.swift */,
				06FBEA7C2833E1F500592513 /* StoryDetailRouter.swift */,
				06FBEA7D2833E1F500592513 /* StoryDetailModels.swift */,
				06FBEA7E2833E1F500592513 /* StoryDetailViewController.swift */,
				06FBEA7F2833E1F500592513 /* StoryDetailInteractor.swift */,
				067E351028353BB1009F7F1E /* StoryDetailBuilder.swift */,
			);
			path = StoryDetail;
			sourceTree = "<group>";
		};
		06FBEA862833E2DA00592513 /* Views */ = {
			isa = PBXGroup;
			children = (
				06FBEA8D2833E36E00592513 /* StoryDetailView */,
				06FBEA872833E2FC00592513 /* StoryListView */,
			);
			path = Views;
			sourceTree = "<group>";
		};
		06FBEA872833E2FC00592513 /* StoryListView */ = {
			isa = PBXGroup;
			children = (
				06FBEA8A2833E34400592513 /* StoryListViewTableViewCell */,
				06FBEA882833E32E00592513 /* StoryListView.swift */,
			);
			path = StoryListView;
			sourceTree = "<group>";
		};
		06FBEA8A2833E34400592513 /* StoryListViewTableViewCell */ = {
			isa = PBXGroup;
			children = (
				06FBEA8B2833E35800592513 /* StoryListViewTableViewCell.swift */,
			);
			path = StoryListViewTableViewCell;
			sourceTree = "<group>";
		};
		06FBEA8D2833E36E00592513 /* StoryDetailView */ = {
			isa = PBXGroup;
			children = (
				06FBEA8E2833E38100592513 /* StoryDetailView.swift */,
			);
			path = StoryDetailView;
			sourceTree = "<group>";
		};
		06FBEA922834005A00592513 /* Managers */ = {
			isa = PBXGroup;
			children = (
				06FBEA9C283407E500592513 /* NetworkService.swift */,
			);
			path = Managers;
			sourceTree = "<group>";
		};
		06FBEA9E2834086D00592513 /* Helper */ = {
			isa = PBXGroup;
			children = (
				06FBEAA82834135E00592513 /* Extensions */,
				06FBEA9F2834087800592513 /* Util.swift */,
			);
			path = Helper;
			sourceTree = "<group>";
		};
		06FBEAA82834135E00592513 /* Extensions */ = {
			isa = PBXGroup;
			children = (
				067E3515283641E9009F7F1E /* UINavigationController+Push.swift */,
			);
			path = Extensions;
			sourceTree = "<group>";
		};
/* End PBXGroup section */

/* Begin PBXNativeTarget section */
		06FBEA432833D5B800592513 /* NYStories */ = {
			isa = PBXNativeTarget;
			buildConfigurationList = 06FBEA582833D5BA00592513 /* Build configuration list for PBXNativeTarget "NYStories" */;
			buildPhases = (
				06FBEA402833D5B800592513 /* Sources */,
				06FBEA412833D5B800592513 /* Frameworks */,
				06FBEA422833D5B800592513 /* Resources */,
			);
			buildRules = (
			);
			dependencies = (
			);
			name = NYStories;
			packageProductDependencies = (
				067E351328357658009F7F1E /* SDWebImage */,
			);
			productName = NYStories;
			productReference = 06FBEA442833D5B800592513 /* NYStories.app */;
			productType = "com.apple.product-type.application";
		};
/* End PBXNativeTarget section */

/* Begin PBXProject section */
		06FBEA3C2833D5B800592513 /* Project object */ = {
			isa = PBXProject;
			attributes = {
				BuildIndependentTargetsInParallel = 1;
				LastSwiftUpdateCheck = 1300;
				LastUpgradeCheck = 1300;
				TargetAttributes = {
					06FBEA432833D5B800592513 = {
						CreatedOnToolsVersion = 13.0;
					};
				};
			};
			buildConfigurationList = 06FBEA3F2833D5B800592513 /* Build configuration list for PBXProject "NYStories" */;
			compatibilityVersion = "Xcode 13.0";
			developmentRegion = en;
			hasScannedForEncodings = 0;
			knownRegions = (
				en,
				Base,
			);
			mainGroup = 06FBEA3B2833D5B800592513;
			packageReferences = (
				067E351228357658009F7F1E /* XCRemoteSwiftPackageReference "SDWebImage" */,
			);
			productRefGroup = 06FBEA452833D5B800592513 /* Products */;
			projectDirPath = "";
			projectRoot = "";
			targets = (
				06FBEA432833D5B800592513 /* NYStories */,
			);
		};
/* End PBXProject section */

/* Begin PBXResourcesBuildPhase section */
		06FBEA422833D5B800592513 /* Resources */ = {
			isa = PBXResourcesBuildPhase;
			buildActionMask = 2147483647;
			files = (
				06FBEA542833D5BA00592513 /* LaunchScreen.storyboard in Resources */,
				06FBEA512833D5BA00592513 /* Assets.xcassets in Resources */,
				06FBEA4F2833D5B800592513 /* Main.storyboard in Resources */,
			);
			runOnlyForDeploymentPostprocessing = 0;
		};
/* End PBXResourcesBuildPhase section */

/* Begin PBXSourcesBuildPhase section */
		06FBEA402833D5B800592513 /* Sources */ = {
			isa = PBXSourcesBuildPhase;
			buildActionMask = 2147483647;
			files = (
				06FBEA852833E1F500592513 /* StoryDetailInteractor.swift in Sources */,
				06FBEA762833DA3500592513 /* StoryListModels.swift in Sources */,
				06FBEA912833F68900592513 /* Story.swift in Sources */,
				06FBEA802833E1F500592513 /* StoryDetailPresenter.swift in Sources */,
				06FBEA832833E1F500592513 /* StoryDetailModels.swift in Sources */,
				06FBEA8C2833E35800592513 /* StoryListViewTableViewCell.swift in Sources */,
				06FBEA732833DA3500592513 /* StoryListPresenter.swift in Sources */,
				067E351128353BB1009F7F1E /* StoryDetailBuilder.swift in Sources */,
				06FBEA822833E1F500592513 /* StoryDetailRouter.swift in Sources */,
				06FBEA892833E32E00592513 /* StoryListView.swift in Sources */,
				06FBEA9D283407E500592513 /* NetworkService.swift in Sources */,
				06FBEA4C2833D5B800592513 /* ViewController.swift in Sources */,
				06FBEA8F2833E38100592513 /* StoryDetailView.swift in Sources */,
				06FBEA752833DA3500592513 /* StoryListRouter.swift in Sources */,
				06FBEA772833DA3500592513 /* StoryListViewController.swift in Sources */,
				06FBEAA2283409A600592513 /* BaseResult.swift in Sources */,
				06FBEA812833E1F500592513 /* StoryDetailWorker.swift in Sources */,
				06FBEA842833E1F500592513 /* StoryDetailViewController.swift in Sources */,
				06FBEA482833D5B800592513 /* AppDelegate.swift in Sources */,
				06FBEA9B283406EF00592513 /* StoryWorker.swift in Sources */,
				06FBEA782833DA3500592513 /* StoryListInteractor.swift in Sources */,
				06FBEAA02834087800592513 /* Util.swift in Sources */,
				06FBEAA728340C1100592513 /* StoryListBuilder.swift in Sources */,
				067E3516283641E9009F7F1E /* UINavigationController+Push.swift in Sources */,
				06FBEA742833DA3500592513 /* StoryListWorker.swift in Sources */,
			);
			runOnlyForDeploymentPostprocessing = 0;
		};
/* End PBXSourcesBuildPhase section */

/* Begin PBXVariantGroup section */
		06FBEA4D2833D5B800592513 /* Main.storyboard */ = {
			isa = PBXVariantGroup;
			children = (
				06FBEA4E2833D5B800592513 /* Base */,
			);
			name = Main.storyboard;
			sourceTree = "<group>";
		};
		06FBEA522833D5BA00592513 /* LaunchScreen.storyboard */ = {
			isa = PBXVariantGroup;
			children = (
				06FBEA532833D5BA00592513 /* Base */,
			);
			name = LaunchScreen.storyboard;
			sourceTree = "<group>";
		};
/* End PBXVariantGroup section */

/* Begin XCBuildConfiguration section */
		06FBEA562833D5BA00592513 /* Debug */ = {
			isa = XCBuildConfiguration;
			buildSettings = {
				ALWAYS_SEARCH_USER_PATHS = NO;
				CLANG_ANALYZER_NONNULL = YES;
				CLANG_ANALYZER_NUMBER_OBJECT_CONVERSION = YES_AGGRESSIVE;
				CLANG_CXX_LANGUAGE_STANDARD = "gnu++17";
				CLANG_CXX_LIBRARY = "libc++";
				CLANG_ENABLE_MODULES = YES;
				CLANG_ENABLE_OBJC_ARC = YES;
				CLANG_ENABLE_OBJC_WEAK = YES;
				CLANG_WARN_BLOCK_CAPTURE_AUTORELEASING = YES;
				CLANG_WARN_BOOL_CONVERSION = YES;
				CLANG_WARN_COMMA = YES;
				CLANG_WARN_CONSTANT_CONVERSION = YES;
				CLANG_WARN_DEPRECATED_OBJC_IMPLEMENTATIONS = YES;
				CLANG_WARN_DIRECT_OBJC_ISA_USAGE = YES_ERROR;
				CLANG_WARN_DOCUMENTATION_COMMENTS = YES;
				CLANG_WARN_EMPTY_BODY = YES;
				CLANG_WARN_ENUM_CONVERSION = YES;
				CLANG_WARN_INFINITE_RECURSION = YES;
				CLANG_WARN_INT_CONVERSION = YES;
				CLANG_WARN_NON_LITERAL_NULL_CONVERSION = YES;
				CLANG_WARN_OBJC_IMPLICIT_RETAIN_SELF = YES;
				CLANG_WARN_OBJC_LITERAL_CONVERSION = YES;
				CLANG_WARN_OBJC_ROOT_CLASS = YES_ERROR;
				CLANG_WARN_QUOTED_INCLUDE_IN_FRAMEWORK_HEADER = YES;
				CLANG_WARN_RANGE_LOOP_ANALYSIS = YES;
				CLANG_WARN_STRICT_PROTOTYPES = YES;
				CLANG_WARN_SUSPICIOUS_MOVE = YES;
				CLANG_WARN_UNGUARDED_AVAILABILITY = YES_AGGRESSIVE;
				CLANG_WARN_UNREACHABLE_CODE = YES;
				CLANG_WARN__DUPLICATE_METHOD_MATCH = YES;
				COPY_PHASE_STRIP = NO;
				DEBUG_INFORMATION_FORMAT = dwarf;
				ENABLE_STRICT_OBJC_MSGSEND = YES;
				ENABLE_TESTABILITY = YES;
				GCC_C_LANGUAGE_STANDARD = gnu11;
				GCC_DYNAMIC_NO_PIC = NO;
				GCC_NO_COMMON_BLOCKS = YES;
				GCC_OPTIMIZATION_LEVEL = 0;
				GCC_PREPROCESSOR_DEFINITIONS = (
					"DEBUG=1",
					"$(inherited)",
				);
				GCC_WARN_64_TO_32_BIT_CONVERSION = YES;
				GCC_WARN_ABOUT_RETURN_TYPE = YES_ERROR;
				GCC_WARN_UNDECLARED_SELECTOR = YES;
				GCC_WARN_UNINITIALIZED_AUTOS = YES_AGGRESSIVE;
				GCC_WARN_UNUSED_FUNCTION = YES;
				GCC_WARN_UNUSED_VARIABLE = YES;
				IPHONEOS_DEPLOYMENT_TARGET = 12.0;
				MTL_ENABLE_DEBUG_INFO = INCLUDE_SOURCE;
				MTL_FAST_MATH = YES;
				ONLY_ACTIVE_ARCH = YES;
				SDKROOT = iphoneos;
				SWIFT_ACTIVE_COMPILATION_CONDITIONS = DEBUG;
				SWIFT_OPTIMIZATION_LEVEL = "-Onone";
			};
			name = Debug;
		};
		06FBEA572833D5BA00592513 /* Release */ = {
			isa = XCBuildConfiguration;
			buildSettings = {
				ALWAYS_SEARCH_USER_PATHS = NO;
				CLANG_ANALYZER_NONNULL = YES;
				CLANG_ANALYZER_NUMBER_OBJECT_CONVERSION = YES_AGGRESSIVE;
				CLANG_CXX_LANGUAGE_STANDARD = "gnu++17";
				CLANG_CXX_LIBRARY = "libc++";
				CLANG_ENABLE_MODULES = YES;
				CLANG_ENABLE_OBJC_ARC = YES;
				CLANG_ENABLE_OBJC_WEAK = YES;
				CLANG_WARN_BLOCK_CAPTURE_AUTORELEASING = YES;
				CLANG_WARN_BOOL_CONVERSION = YES;
				CLANG_WARN_COMMA = YES;
				CLANG_WARN_CONSTANT_CONVERSION = YES;
				CLANG_WARN_DEPRECATED_OBJC_IMPLEMENTATIONS = YES;
				CLANG_WARN_DIRECT_OBJC_ISA_USAGE = YES_ERROR;
				CLANG_WARN_DOCUMENTATION_COMMENTS = YES;
				CLANG_WARN_EMPTY_BODY = YES;
				CLANG_WARN_ENUM_CONVERSION = YES;
				CLANG_WARN_INFINITE_RECURSION = YES;
				CLANG_WARN_INT_CONVERSION = YES;
				CLANG_WARN_NON_LITERAL_NULL_CONVERSION = YES;
				CLANG_WARN_OBJC_IMPLICIT_RETAIN_SELF = YES;
				CLANG_WARN_OBJC_LITERAL_CONVERSION = YES;
				CLANG_WARN_OBJC_ROOT_CLASS = YES_ERROR;
				CLANG_WARN_QUOTED_INCLUDE_IN_FRAMEWORK_HEADER = YES;
				CLANG_WARN_RANGE_LOOP_ANALYSIS = YES;
				CLANG_WARN_STRICT_PROTOTYPES = YES;
				CLANG_WARN_SUSPICIOUS_MOVE = YES;
				CLANG_WARN_UNGUARDED_AVAILABILITY = YES_AGGRESSIVE;
				CLANG_WARN_UNREACHABLE_CODE = YES;
				CLANG_WARN__DUPLICATE_METHOD_MATCH = YES;
				COPY_PHASE_STRIP = NO;
				DEBUG_INFORMATION_FORMAT = "dwarf-with-dsym";
				ENABLE_NS_ASSERTIONS = NO;
				ENABLE_STRICT_OBJC_MSGSEND = YES;
				GCC_C_LANGUAGE_STANDARD = gnu11;
				GCC_NO_COMMON_BLOCKS = YES;
				GCC_WARN_64_TO_32_BIT_CONVERSION = YES;
				GCC_WARN_ABOUT_RETURN_TYPE = YES_ERROR;
				GCC_WARN_UNDECLARED_SELECTOR = YES;
				GCC_WARN_UNINITIALIZED_AUTOS = YES_AGGRESSIVE;
				GCC_WARN_UNUSED_FUNCTION = YES;
				GCC_WARN_UNUSED_VARIABLE = YES;
				IPHONEOS_DEPLOYMENT_TARGET = 12.0;
				MTL_ENABLE_DEBUG_INFO = NO;
				MTL_FAST_MATH = YES;
				SDKROOT = iphoneos;
				SWIFT_COMPILATION_MODE = wholemodule;
				SWIFT_OPTIMIZATION_LEVEL = "-O";
				VALIDATE_PRODUCT = YES;
			};
			name = Release;
		};
		06FBEA592833D5BA00592513 /* Debug */ = {
			isa = XCBuildConfiguration;
			buildSettings = {
				ASSETCATALOG_COMPILER_APPICON_NAME = AppIcon;
				ASSETCATALOG_COMPILER_GLOBAL_ACCENT_COLOR_NAME = AccentColor;
				CODE_SIGN_STYLE = Automatic;
				CURRENT_PROJECT_VERSION = 1;
				DEVELOPMENT_TEAM = Z7KA64TA2D;
				GENERATE_INFOPLIST_FILE = YES;
				INFOPLIST_FILE = NYStories/Info.plist;
				INFOPLIST_KEY_UIApplicationSupportsIndirectInputEvents = YES;
				INFOPLIST_KEY_UILaunchStoryboardName = LaunchScreen;
				INFOPLIST_KEY_UISupportedInterfaceOrientations_iPad = "UIInterfaceOrientationPortrait UIInterfaceOrientationPortraitUpsideDown UIInterfaceOrientationLandscapeLeft UIInterfaceOrientationLandscapeRight";
				INFOPLIST_KEY_UISupportedInterfaceOrientations_iPhone = "UIInterfaceOrientationPortrait UIInterfaceOrientationLandscapeLeft UIInterfaceOrientationLandscapeRight";
				LD_RUNPATH_SEARCH_PATHS = (
					"$(inherited)",
					"@executable_path/Frameworks",
				);
				MARKETING_VERSION = 1.0;
				PRODUCT_BUNDLE_IDENTIFIER = hfg.NYStories;
				PRODUCT_NAME = "$(TARGET_NAME)";
				SWIFT_EMIT_LOC_STRINGS = YES;
				SWIFT_VERSION = 5.0;
				TARGETED_DEVICE_FAMILY = "1,2";
			};
			name = Debug;
		};
		06FBEA5A2833D5BA00592513 /* Release */ = {
			isa = XCBuildConfiguration;
			buildSettings = {
				ASSETCATALOG_COMPILER_APPICON_NAME = AppIcon;
				ASSETCATALOG_COMPILER_GLOBAL_ACCENT_COLOR_NAME = AccentColor;
				CODE_SIGN_STYLE = Automatic;
				CURRENT_PROJECT_VERSION = 1;
				DEVELOPMENT_TEAM = Z7KA64TA2D;
				GENERATE_INFOPLIST_FILE = YES;
				INFOPLIST_FILE = NYStories/Info.plist;
				INFOPLIST_KEY_UIApplicationSupportsIndirectInputEvents = YES;
				INFOPLIST_KEY_UILaunchStoryboardName = LaunchScreen;
				INFOPLIST_KEY_UISupportedInterfaceOrientations_iPad = "UIInterfaceOrientationPortrait UIInterfaceOrientationPortraitUpsideDown UIInterfaceOrientationLandscapeLeft UIInterfaceOrientationLandscapeRight";
				INFOPLIST_KEY_UISupportedInterfaceOrientations_iPhone = "UIInterfaceOrientationPortrait UIInterfaceOrientationLandscapeLeft UIInterfaceOrientationLandscapeRight";
				LD_RUNPATH_SEARCH_PATHS = (
					"$(inherited)",
					"@executable_path/Frameworks",
				);
				MARKETING_VERSION = 1.0;
				PRODUCT_BUNDLE_IDENTIFIER = hfg.NYStories;
				PRODUCT_NAME = "$(TARGET_NAME)";
				SWIFT_EMIT_LOC_STRINGS = YES;
				SWIFT_VERSION = 5.0;
				TARGETED_DEVICE_FAMILY = "1,2";
			};
			name = Release;
		};
/* End XCBuildConfiguration section */

/* Begin XCConfigurationList section */
		06FBEA3F2833D5B800592513 /* Build configuration list for PBXProject "NYStories" */ = {
			isa = XCConfigurationList;
			buildConfigurations = (
				06FBEA562833D5BA00592513 /* Debug */,
				06FBEA572833D5BA00592513 /* Release */,
			);
			defaultConfigurationIsVisible = 0;
			defaultConfigurationName = Release;
		};
		06FBEA582833D5BA00592513 /* Build configuration list for PBXNativeTarget "NYStories" */ = {
			isa = XCConfigurationList;
			buildConfigurations = (
				06FBEA592833D5BA00592513 /* Debug */,
				06FBEA5A2833D5BA00592513 /* Release */,
			);
			defaultConfigurationIsVisible = 0;
			defaultConfigurationName = Release;
		};
/* End XCConfigurationList section */

/* Begin XCRemoteSwiftPackageReference section */
		067E351228357658009F7F1E /* XCRemoteSwiftPackageReference "SDWebImage" */ = {
			isa = XCRemoteSwiftPackageReference;
			repositoryURL = "https://github.com/SDWebImage/SDWebImage";
			requirement = {
				kind = exactVersion;
				version = 5.9.5;
			};
		};
/* End XCRemoteSwiftPackageReference section */

/* Begin XCSwiftPackageProductDependency section */
		067E351328357658009F7F1E /* SDWebImage */ = {
			isa = XCSwiftPackageProductDependency;
			package = 067E351228357658009F7F1E /* XCRemoteSwiftPackageReference "SDWebImage" */;
			productName = SDWebImage;
		};
/* End XCSwiftPackageProductDependency section */
	};
	rootObject = 06FBEA3C2833D5B800592513 /* Project object */;
}
